// !$*UTF8*$!
{
	archiveVersion = 1;
	classes = {
	};
	objectVersion = 56;
	objects = {

/* Begin PBXBuildFile section */
		DB0917BE292219C300B405B1 /* HomeVC + ScrollViewDelegate.swift in Sources */ = {isa = PBXBuildFile; fileRef = DB0917BD292219C300B405B1 /* HomeVC + ScrollViewDelegate.swift */; };
		DB0917C0292219EF00B405B1 /* HomeVC + TableViewDelegate.swift in Sources */ = {isa = PBXBuildFile; fileRef = DB0917BF292219EF00B405B1 /* HomeVC + TableViewDelegate.swift */; };
		DB2D2AAE2921F8DB0097B8D9 /* VOTDTableViewCell.swift in Sources */ = {isa = PBXBuildFile; fileRef = DB2D2AAD2921F8DB0097B8D9 /* VOTDTableViewCell.swift */; };
		DB2D2AB02921FE210097B8D9 /* HomeBG.swift in Sources */ = {isa = PBXBuildFile; fileRef = DB2D2AAF2921FE210097B8D9 /* HomeBG.swift */; };
		DB2D2AB2292211780097B8D9 /* EmptyTicketTableViewCell.swift in Sources */ = {isa = PBXBuildFile; fileRef = DB2D2AB1292211780097B8D9 /* EmptyTicketTableViewCell.swift */; };
		DB2D2AB4292215270097B8D9 /* HomeButtonTableViewCell.swift in Sources */ = {isa = PBXBuildFile; fileRef = DB2D2AB3292215270097B8D9 /* HomeButtonTableViewCell.swift */; };
		DB393C73291F9985003ADAB9 /* AppDelegate.swift in Sources */ = {isa = PBXBuildFile; fileRef = DB393C72291F9985003ADAB9 /* AppDelegate.swift */; };
		DB393C75291F9985003ADAB9 /* SceneDelegate.swift in Sources */ = {isa = PBXBuildFile; fileRef = DB393C74291F9985003ADAB9 /* SceneDelegate.swift */; };
		DB393C77291F9985003ADAB9 /* OnboardingVC.swift in Sources */ = {isa = PBXBuildFile; fileRef = DB393C76291F9985003ADAB9 /* OnboardingVC.swift */; };
		DB393C7A291F9985003ADAB9 /* Main.storyboard in Resources */ = {isa = PBXBuildFile; fileRef = DB393C78291F9985003ADAB9 /* Main.storyboard */; };
		DB393C7C291F9986003ADAB9 /* Assets.xcassets in Resources */ = {isa = PBXBuildFile; fileRef = DB393C7B291F9986003ADAB9 /* Assets.xcassets */; };
		DB393C7F291F9986003ADAB9 /* LaunchScreen.storyboard in Resources */ = {isa = PBXBuildFile; fileRef = DB393C7D291F9986003ADAB9 /* LaunchScreen.storyboard */; };
		DB5EDE3A291FA44200AE0386 /* SnapKit in Frameworks */ = {isa = PBXBuildFile; productRef = DB5EDE39291FA44200AE0386 /* SnapKit */; };
		DB5EDE3D291FA45000AE0386 /* IQKeyboardManagerSwift in Frameworks */ = {isa = PBXBuildFile; productRef = DB5EDE3C291FA45000AE0386 /* IQKeyboardManagerSwift */; };
		DB5EDE48291FA4D100AE0386 /* UIColorExtensions.swift in Sources */ = {isa = PBXBuildFile; fileRef = DB5EDE47291FA4D100AE0386 /* UIColorExtensions.swift */; };
		DB5EDE4D291FA4EE00AE0386 /* Poppins-Bold.ttf in Resources */ = {isa = PBXBuildFile; fileRef = DB5EDE49291FA4EE00AE0386 /* Poppins-Bold.ttf */; };
		DB5EDE4E291FA4EE00AE0386 /* Poppins-SemiBold.ttf in Resources */ = {isa = PBXBuildFile; fileRef = DB5EDE4A291FA4EE00AE0386 /* Poppins-SemiBold.ttf */; };
		DB5EDE4F291FA4EE00AE0386 /* Poppins-Medium.ttf in Resources */ = {isa = PBXBuildFile; fileRef = DB5EDE4B291FA4EE00AE0386 /* Poppins-Medium.ttf */; };
		DB5EDE50291FA4EE00AE0386 /* Poppins-Regular.ttf in Resources */ = {isa = PBXBuildFile; fileRef = DB5EDE4C291FA4EE00AE0386 /* Poppins-Regular.ttf */; };
		DB5EDE52291FA53400AE0386 /* UIFontExtensions.swift in Sources */ = {isa = PBXBuildFile; fileRef = DB5EDE51291FA53400AE0386 /* UIFontExtensions.swift */; };
		DB5EDE54291FA54C00AE0386 /* GButton.swift in Sources */ = {isa = PBXBuildFile; fileRef = DB5EDE53291FA54C00AE0386 /* GButton.swift */; };
		DB5EDE56291FA55900AE0386 /* GLabel.swift in Sources */ = {isa = PBXBuildFile; fileRef = DB5EDE55291FA55900AE0386 /* GLabel.swift */; };
		DB70DF4C29247A090018E2FC /* FinalCheckVC.swift in Sources */ = {isa = PBXBuildFile; fileRef = DB70DF4B29247A090018E2FC /* FinalCheckVC.swift */; };
		DB70DF4F29247CAA0018E2FC /* FinalCheckHeaderTableViewCell.swift in Sources */ = {isa = PBXBuildFile; fileRef = DB70DF4E29247CAA0018E2FC /* FinalCheckHeaderTableViewCell.swift */; };
		DB70DF5129247E710018E2FC /* ChosenEventTableViewCell.swift in Sources */ = {isa = PBXBuildFile; fileRef = DB70DF5029247E710018E2FC /* ChosenEventTableViewCell.swift */; };
		DB70DF53292481FD0018E2FC /* DataDiriPengunjungTableViewCell.swift in Sources */ = {isa = PBXBuildFile; fileRef = DB70DF52292481FD0018E2FC /* DataDiriPengunjungTableViewCell.swift */; };
		DB8B2C7A2924E7DE00F94D14 /* HomeVCDelegate.swift in Sources */ = {isa = PBXBuildFile; fileRef = DB8B2C792924E7DE00F94D14 /* HomeVCDelegate.swift */; };
		DB8B2C7D2924E8D200F94D14 /* TicketTableViewCell.swift in Sources */ = {isa = PBXBuildFile; fileRef = DB8B2C7C2924E8D200F94D14 /* TicketTableViewCell.swift */; };
		DB8B2C7F2924EB6E00F94D14 /* ButtonTableViewCell.swift in Sources */ = {isa = PBXBuildFile; fileRef = DB8B2C7E2924EB6E00F94D14 /* ButtonTableViewCell.swift */; };
		DB8B2C812924EC9600F94D14 /* FinalCheckVC + TableViewDelegate.swift in Sources */ = {isa = PBXBuildFile; fileRef = DB8B2C802924EC9600F94D14 /* FinalCheckVC + TableViewDelegate.swift */; };
		DB95F3E5292133F200D4F561 /* HomeVC.swift in Sources */ = {isa = PBXBuildFile; fileRef = DB95F3E4292133F200D4F561 /* HomeVC.swift */; };
		DB95F3E7292137D300D4F561 /* UIViewExtensions.swift in Sources */ = {isa = PBXBuildFile; fileRef = DB95F3E6292137D300D4F561 /* UIViewExtensions.swift */; };
		DB95F3EC29213CCE00D4F561 /* VerseOfTheDayView.swift in Sources */ = {isa = PBXBuildFile; fileRef = DB95F3EB29213CCE00D4F561 /* VerseOfTheDayView.swift */; };
		DB95F3F02921475500D4F561 /* EmptyTicketView.swift in Sources */ = {isa = PBXBuildFile; fileRef = DB95F3EF2921475500D4F561 /* EmptyTicketView.swift */; };
		DB95F3F429214B2000D4F561 /* TicketView.swift in Sources */ = {isa = PBXBuildFile; fileRef = DB95F3F329214B2000D4F561 /* TicketView.swift */; };
		DB95F3F829214D1600D4F561 /* ReusableHomePageButton.swift in Sources */ = {isa = PBXBuildFile; fileRef = DB95F3F729214D1600D4F561 /* ReusableHomePageButton.swift */; };
		DB965C932922A1EF00AE86BC /* SkeletonView in Frameworks */ = {isa = PBXBuildFile; productRef = DB965C922922A1EF00AE86BC /* SkeletonView */; };
		DBECCC1A2922BE3C00CCEA63 /* ReusableEventView.swift in Sources */ = {isa = PBXBuildFile; fileRef = DBECCC192922BE3C00CCEA63 /* ReusableEventView.swift */; };
		DBECCC222922BF8100CCEA63 /* ChooseEventVC.swift in Sources */ = {isa = PBXBuildFile; fileRef = DBECCC212922BF8100CCEA63 /* ChooseEventVC.swift */; };
		DBECCC252922C1E900CCEA63 /* ChooseEventHeaderTableViewCell.swift in Sources */ = {isa = PBXBuildFile; fileRef = DBECCC242922C1E900CCEA63 /* ChooseEventHeaderTableViewCell.swift */; };
		DBECCC272922C31000CCEA63 /* EventTableViewCell.swift in Sources */ = {isa = PBXBuildFile; fileRef = DBECCC262922C31000CCEA63 /* EventTableViewCell.swift */; };
		DBECCC2B2922C62F00CCEA63 /* ChooseEventVC + TableViewDelegate.swift in Sources */ = {isa = PBXBuildFile; fileRef = DBECCC2A2922C62F00CCEA63 /* ChooseEventVC + TableViewDelegate.swift */; };
/* End PBXBuildFile section */

/* Begin PBXFileReference section */
		DB0917BD292219C300B405B1 /* HomeVC + ScrollViewDelegate.swift */ = {isa = PBXFileReference; lastKnownFileType = sourcecode.swift; path = "HomeVC + ScrollViewDelegate.swift"; sourceTree = "<group>"; };
		DB0917BF292219EF00B405B1 /* HomeVC + TableViewDelegate.swift */ = {isa = PBXFileReference; lastKnownFileType = sourcecode.swift; path = "HomeVC + TableViewDelegate.swift"; sourceTree = "<group>"; };
		DB2D2AAD2921F8DB0097B8D9 /* VOTDTableViewCell.swift */ = {isa = PBXFileReference; lastKnownFileType = sourcecode.swift; path = VOTDTableViewCell.swift; sourceTree = "<group>"; };
		DB2D2AAF2921FE210097B8D9 /* HomeBG.swift */ = {isa = PBXFileReference; lastKnownFileType = sourcecode.swift; path = HomeBG.swift; sourceTree = "<group>"; };
		DB2D2AB1292211780097B8D9 /* EmptyTicketTableViewCell.swift */ = {isa = PBXFileReference; lastKnownFileType = sourcecode.swift; path = EmptyTicketTableViewCell.swift; sourceTree = "<group>"; };
		DB2D2AB3292215270097B8D9 /* HomeButtonTableViewCell.swift */ = {isa = PBXFileReference; lastKnownFileType = sourcecode.swift; path = HomeButtonTableViewCell.swift; sourceTree = "<group>"; };
		DB393C6F291F9985003ADAB9 /* GloriaApp.app */ = {isa = PBXFileReference; explicitFileType = wrapper.application; includeInIndex = 0; path = GloriaApp.app; sourceTree = BUILT_PRODUCTS_DIR; };
		DB393C72291F9985003ADAB9 /* AppDelegate.swift */ = {isa = PBXFileReference; lastKnownFileType = sourcecode.swift; path = AppDelegate.swift; sourceTree = "<group>"; };
		DB393C74291F9985003ADAB9 /* SceneDelegate.swift */ = {isa = PBXFileReference; lastKnownFileType = sourcecode.swift; path = SceneDelegate.swift; sourceTree = "<group>"; };
		DB393C76291F9985003ADAB9 /* OnboardingVC.swift */ = {isa = PBXFileReference; lastKnownFileType = sourcecode.swift; path = OnboardingVC.swift; sourceTree = "<group>"; };
		DB393C79291F9985003ADAB9 /* Base */ = {isa = PBXFileReference; lastKnownFileType = file.storyboard; name = Base; path = Base.lproj/Main.storyboard; sourceTree = "<group>"; };
		DB393C7B291F9986003ADAB9 /* Assets.xcassets */ = {isa = PBXFileReference; lastKnownFileType = folder.assetcatalog; path = Assets.xcassets; sourceTree = "<group>"; };
		DB393C7E291F9986003ADAB9 /* Base */ = {isa = PBXFileReference; lastKnownFileType = file.storyboard; name = Base; path = Base.lproj/LaunchScreen.storyboard; sourceTree = "<group>"; };
		DB393C80291F9986003ADAB9 /* Info.plist */ = {isa = PBXFileReference; lastKnownFileType = text.plist.xml; path = Info.plist; sourceTree = "<group>"; };
		DB5EDE47291FA4D100AE0386 /* UIColorExtensions.swift */ = {isa = PBXFileReference; lastKnownFileType = sourcecode.swift; path = UIColorExtensions.swift; sourceTree = "<group>"; };
		DB5EDE49291FA4EE00AE0386 /* Poppins-Bold.ttf */ = {isa = PBXFileReference; lastKnownFileType = file; path = "Poppins-Bold.ttf"; sourceTree = "<group>"; };
		DB5EDE4A291FA4EE00AE0386 /* Poppins-SemiBold.ttf */ = {isa = PBXFileReference; lastKnownFileType = file; path = "Poppins-SemiBold.ttf"; sourceTree = "<group>"; };
		DB5EDE4B291FA4EE00AE0386 /* Poppins-Medium.ttf */ = {isa = PBXFileReference; lastKnownFileType = file; path = "Poppins-Medium.ttf"; sourceTree = "<group>"; };
		DB5EDE4C291FA4EE00AE0386 /* Poppins-Regular.ttf */ = {isa = PBXFileReference; lastKnownFileType = file; path = "Poppins-Regular.ttf"; sourceTree = "<group>"; };
		DB5EDE51291FA53400AE0386 /* UIFontExtensions.swift */ = {isa = PBXFileReference; lastKnownFileType = sourcecode.swift; path = UIFontExtensions.swift; sourceTree = "<group>"; };
		DB5EDE53291FA54C00AE0386 /* GButton.swift */ = {isa = PBXFileReference; lastKnownFileType = sourcecode.swift; path = GButton.swift; sourceTree = "<group>"; };
		DB5EDE55291FA55900AE0386 /* GLabel.swift */ = {isa = PBXFileReference; lastKnownFileType = sourcecode.swift; path = GLabel.swift; sourceTree = "<group>"; };
		DB70DF4B29247A090018E2FC /* FinalCheckVC.swift */ = {isa = PBXFileReference; lastKnownFileType = sourcecode.swift; path = FinalCheckVC.swift; sourceTree = "<group>"; };
		DB70DF4E29247CAA0018E2FC /* FinalCheckHeaderTableViewCell.swift */ = {isa = PBXFileReference; lastKnownFileType = sourcecode.swift; path = FinalCheckHeaderTableViewCell.swift; sourceTree = "<group>"; };
		DB70DF5029247E710018E2FC /* ChosenEventTableViewCell.swift */ = {isa = PBXFileReference; lastKnownFileType = sourcecode.swift; path = ChosenEventTableViewCell.swift; sourceTree = "<group>"; };
		DB70DF52292481FD0018E2FC /* DataDiriPengunjungTableViewCell.swift */ = {isa = PBXFileReference; lastKnownFileType = sourcecode.swift; path = DataDiriPengunjungTableViewCell.swift; sourceTree = "<group>"; };
		DB8B2C792924E7DE00F94D14 /* HomeVCDelegate.swift */ = {isa = PBXFileReference; lastKnownFileType = sourcecode.swift; path = HomeVCDelegate.swift; sourceTree = "<group>"; };
		DB8B2C7C2924E8D200F94D14 /* TicketTableViewCell.swift */ = {isa = PBXFileReference; lastKnownFileType = sourcecode.swift; path = TicketTableViewCell.swift; sourceTree = "<group>"; };
		DB8B2C7E2924EB6E00F94D14 /* ButtonTableViewCell.swift */ = {isa = PBXFileReference; lastKnownFileType = sourcecode.swift; path = ButtonTableViewCell.swift; sourceTree = "<group>"; };
		DB8B2C802924EC9600F94D14 /* FinalCheckVC + TableViewDelegate.swift */ = {isa = PBXFileReference; lastKnownFileType = sourcecode.swift; path = "FinalCheckVC + TableViewDelegate.swift"; sourceTree = "<group>"; };
		DB95F3E4292133F200D4F561 /* HomeVC.swift */ = {isa = PBXFileReference; lastKnownFileType = sourcecode.swift; path = HomeVC.swift; sourceTree = "<group>"; };
		DB95F3E6292137D300D4F561 /* UIViewExtensions.swift */ = {isa = PBXFileReference; lastKnownFileType = sourcecode.swift; path = UIViewExtensions.swift; sourceTree = "<group>"; };
		DB95F3EB29213CCE00D4F561 /* VerseOfTheDayView.swift */ = {isa = PBXFileReference; lastKnownFileType = sourcecode.swift; path = VerseOfTheDayView.swift; sourceTree = "<group>"; };
		DB95F3EF2921475500D4F561 /* EmptyTicketView.swift */ = {isa = PBXFileReference; lastKnownFileType = sourcecode.swift; path = EmptyTicketView.swift; sourceTree = "<group>"; };
		DB95F3F329214B2000D4F561 /* TicketView.swift */ = {isa = PBXFileReference; lastKnownFileType = sourcecode.swift; path = TicketView.swift; sourceTree = "<group>"; };
		DB95F3F729214D1600D4F561 /* ReusableHomePageButton.swift */ = {isa = PBXFileReference; lastKnownFileType = sourcecode.swift; path = ReusableHomePageButton.swift; sourceTree = "<group>"; };
		DBECCC192922BE3C00CCEA63 /* ReusableEventView.swift */ = {isa = PBXFileReference; lastKnownFileType = sourcecode.swift; path = ReusableEventView.swift; sourceTree = "<group>"; };
		DBECCC212922BF8100CCEA63 /* ChooseEventVC.swift */ = {isa = PBXFileReference; lastKnownFileType = sourcecode.swift; path = ChooseEventVC.swift; sourceTree = "<group>"; };
		DBECCC242922C1E900CCEA63 /* ChooseEventHeaderTableViewCell.swift */ = {isa = PBXFileReference; lastKnownFileType = sourcecode.swift; path = ChooseEventHeaderTableViewCell.swift; sourceTree = "<group>"; };
		DBECCC262922C31000CCEA63 /* EventTableViewCell.swift */ = {isa = PBXFileReference; lastKnownFileType = sourcecode.swift; path = EventTableViewCell.swift; sourceTree = "<group>"; };
		DBECCC2A2922C62F00CCEA63 /* ChooseEventVC + TableViewDelegate.swift */ = {isa = PBXFileReference; lastKnownFileType = sourcecode.swift; path = "ChooseEventVC + TableViewDelegate.swift"; sourceTree = "<group>"; };
/* End PBXFileReference section */

/* Begin PBXFrameworksBuildPhase section */
		DB393C6C291F9985003ADAB9 /* Frameworks */ = {
			isa = PBXFrameworksBuildPhase;
			buildActionMask = 2147483647;
			files = (
				DB5EDE3A291FA44200AE0386 /* SnapKit in Frameworks */,
				DB965C932922A1EF00AE86BC /* SkeletonView in Frameworks */,
				DB5EDE3D291FA45000AE0386 /* IQKeyboardManagerSwift in Frameworks */,
			);
			runOnlyForDeploymentPostprocessing = 0;
		};
/* End PBXFrameworksBuildPhase section */

/* Begin PBXGroup section */
		DB0917BC2922196900B405B1 /* Table View Cells */ = {
			isa = PBXGroup;
			children = (
				DB2D2AAD2921F8DB0097B8D9 /* VOTDTableViewCell.swift */,
				DB2D2AB1292211780097B8D9 /* EmptyTicketTableViewCell.swift */,
				DB2D2AB3292215270097B8D9 /* HomeButtonTableViewCell.swift */,
				DB8B2C7C2924E8D200F94D14 /* TicketTableViewCell.swift */,
			);
			path = "Table View Cells";
			sourceTree = "<group>";
		};
		DB393C66291F9985003ADAB9 = {
			isa = PBXGroup;
			children = (
				DB393C71291F9985003ADAB9 /* GloriaApp */,
				DB393C70291F9985003ADAB9 /* Products */,
			);
			sourceTree = "<group>";
		};
		DB393C70291F9985003ADAB9 /* Products */ = {
			isa = PBXGroup;
			children = (
				DB393C6F291F9985003ADAB9 /* GloriaApp.app */,
			);
			name = Products;
			sourceTree = "<group>";
		};
		DB393C71291F9985003ADAB9 /* GloriaApp */ = {
			isa = PBXGroup;
			children = (
				DB393C72291F9985003ADAB9 /* AppDelegate.swift */,
				DB393C74291F9985003ADAB9 /* SceneDelegate.swift */,
				DB5EDE42291FA49E00AE0386 /* Models */,
				DB5EDE3E291FA47400AE0386 /* Pages */,
				DB5EDE43291FA4A900AE0386 /* Vendors */,
				DB5EDE37291FA37C00AE0386 /* Storyboards */,
				DB393C7B291F9986003ADAB9 /* Assets.xcassets */,
				DB393C80291F9986003ADAB9 /* Info.plist */,
			);
			path = GloriaApp;
			sourceTree = "<group>";
		};
		DB5EDE37291FA37C00AE0386 /* Storyboards */ = {
			isa = PBXGroup;
			children = (
				DB393C78291F9985003ADAB9 /* Main.storyboard */,
				DB393C7D291F9986003ADAB9 /* LaunchScreen.storyboard */,
			);
			path = Storyboards;
			sourceTree = "<group>";
		};
		DB5EDE3E291FA47400AE0386 /* Pages */ = {
			isa = PBXGroup;
			children = (
				DB5EDE3F291FA47E00AE0386 /* Onboarding */,
				DB95F3E1292133CA00D4F561 /* Home */,
				DBECCC1B2922BF0500CCEA63 /* Choose Event */,
				DBECCC1E2922BF3F00CCEA63 /* Final Register Check */,
			);
			path = Pages;
			sourceTree = "<group>";
		};
		DB5EDE3F291FA47E00AE0386 /* Onboarding */ = {
			isa = PBXGroup;
			children = (
				DB5EDE41291FA49500AE0386 /* View Model */,
				DB5EDE40291FA48500AE0386 /* Views */,
			);
			path = Onboarding;
			sourceTree = "<group>";
		};
		DB5EDE40291FA48500AE0386 /* Views */ = {
			isa = PBXGroup;
			children = (
				DB393C76291F9985003ADAB9 /* OnboardingVC.swift */,
			);
			path = Views;
			sourceTree = "<group>";
		};
		DB5EDE41291FA49500AE0386 /* View Model */ = {
			isa = PBXGroup;
			children = (
			);
			path = "View Model";
			sourceTree = "<group>";
		};
		DB5EDE42291FA49E00AE0386 /* Models */ = {
			isa = PBXGroup;
			children = (
			);
			path = Models;
			sourceTree = "<group>";
		};
		DB5EDE43291FA4A900AE0386 /* Vendors */ = {
			isa = PBXGroup;
			children = (
				DB5EDE44291FA4B100AE0386 /* Extensions */,
				DB5EDE46291FA4C000AE0386 /* Fonts */,
				DB95F3E829213C8E00D4F561 /* UI Elements */,
				DB5EDE45291FA4B900AE0386 /* UI Components */,
			);
			path = Vendors;
			sourceTree = "<group>";
		};
		DB5EDE44291FA4B100AE0386 /* Extensions */ = {
			isa = PBXGroup;
			children = (
				DB5EDE47291FA4D100AE0386 /* UIColorExtensions.swift */,
				DB5EDE51291FA53400AE0386 /* UIFontExtensions.swift */,
				DB95F3E6292137D300D4F561 /* UIViewExtensions.swift */,
			);
			path = Extensions;
			sourceTree = "<group>";
		};
		DB5EDE45291FA4B900AE0386 /* UI Components */ = {
			isa = PBXGroup;
			children = (
				DB5EDE53291FA54C00AE0386 /* GButton.swift */,
				DB5EDE55291FA55900AE0386 /* GLabel.swift */,
			);
			path = "UI Components";
			sourceTree = "<group>";
		};
		DB5EDE46291FA4C000AE0386 /* Fonts */ = {
			isa = PBXGroup;
			children = (
				DB5EDE49291FA4EE00AE0386 /* Poppins-Bold.ttf */,
				DB5EDE4B291FA4EE00AE0386 /* Poppins-Medium.ttf */,
				DB5EDE4C291FA4EE00AE0386 /* Poppins-Regular.ttf */,
				DB5EDE4A291FA4EE00AE0386 /* Poppins-SemiBold.ttf */,
			);
			path = Fonts;
			sourceTree = "<group>";
		};
		DB70DF4D29247C530018E2FC /* Table View Cells */ = {
			isa = PBXGroup;
			children = (
				DB70DF4E29247CAA0018E2FC /* FinalCheckHeaderTableViewCell.swift */,
				DB70DF5029247E710018E2FC /* ChosenEventTableViewCell.swift */,
				DB70DF52292481FD0018E2FC /* DataDiriPengunjungTableViewCell.swift */,
				DB8B2C7E2924EB6E00F94D14 /* ButtonTableViewCell.swift */,
			);
			path = "Table View Cells";
			sourceTree = "<group>";
		};
		DB8B2C7B2924E81300F94D14 /* Home View Controller Delegates */ = {
			isa = PBXGroup;
			children = (
				DB8B2C792924E7DE00F94D14 /* HomeVCDelegate.swift */,
				DB0917BF292219EF00B405B1 /* HomeVC + TableViewDelegate.swift */,
				DB0917BD292219C300B405B1 /* HomeVC + ScrollViewDelegate.swift */,
			);
			path = "Home View Controller Delegates";
			sourceTree = "<group>";
		};
		DB95F3E1292133CA00D4F561 /* Home */ = {
			isa = PBXGroup;
			children = (
				DB95F3E3292133D900D4F561 /* View Model */,
				DB95F3E2292133D500D4F561 /* View */,
			);
			path = Home;
			sourceTree = "<group>";
		};
		DB95F3E2292133D500D4F561 /* View */ = {
			isa = PBXGroup;
			children = (
				DB2D2AAF2921FE210097B8D9 /* HomeBG.swift */,
				DB95F3E4292133F200D4F561 /* HomeVC.swift */,
				DB8B2C7B2924E81300F94D14 /* Home View Controller Delegates */,
				DB0917BC2922196900B405B1 /* Table View Cells */,
			);
			path = View;
			sourceTree = "<group>";
		};
		DB95F3E3292133D900D4F561 /* View Model */ = {
			isa = PBXGroup;
			children = (
			);
			path = "View Model";
			sourceTree = "<group>";
		};
		DB95F3E829213C8E00D4F561 /* UI Elements */ = {
			isa = PBXGroup;
			children = (
				DBECCC172922BE0500CCEA63 /* Event View */,
				DB95F3F529214B5100D4F561 /* HomePageButton */,
				DB95F3F129214AF900D4F561 /* Ticket View */,
				DB95F3ED2921471800D4F561 /* Ticket View (Empty) */,
				DB95F3E929213CAF00D4F561 /* Verse of the Day */,
			);
			path = "UI Elements";
			sourceTree = "<group>";
		};
		DB95F3E929213CAF00D4F561 /* Verse of the Day */ = {
			isa = PBXGroup;
			children = (
				DB95F3EA29213CB800D4F561 /* View */,
			);
			path = "Verse of the Day";
			sourceTree = "<group>";
		};
		DB95F3EA29213CB800D4F561 /* View */ = {
			isa = PBXGroup;
			children = (
				DB95F3EB29213CCE00D4F561 /* VerseOfTheDayView.swift */,
			);
			path = View;
			sourceTree = "<group>";
		};
		DB95F3ED2921471800D4F561 /* Ticket View (Empty) */ = {
			isa = PBXGroup;
			children = (
				DB95F3EE2921474600D4F561 /* View */,
			);
			path = "Ticket View (Empty)";
			sourceTree = "<group>";
		};
		DB95F3EE2921474600D4F561 /* View */ = {
			isa = PBXGroup;
			children = (
				DB95F3EF2921475500D4F561 /* EmptyTicketView.swift */,
			);
			path = View;
			sourceTree = "<group>";
		};
		DB95F3F129214AF900D4F561 /* Ticket View */ = {
			isa = PBXGroup;
			children = (
				DB95F3F229214B1200D4F561 /* View */,
			);
			path = "Ticket View";
			sourceTree = "<group>";
		};
		DB95F3F229214B1200D4F561 /* View */ = {
			isa = PBXGroup;
			children = (
				DB95F3F329214B2000D4F561 /* TicketView.swift */,
			);
			path = View;
			sourceTree = "<group>";
		};
		DB95F3F529214B5100D4F561 /* HomePageButton */ = {
			isa = PBXGroup;
			children = (
				DB95F3F629214CF900D4F561 /* View */,
			);
			path = HomePageButton;
			sourceTree = "<group>";
		};
		DB95F3F629214CF900D4F561 /* View */ = {
			isa = PBXGroup;
			children = (
				DB95F3F729214D1600D4F561 /* ReusableHomePageButton.swift */,
			);
			path = View;
			sourceTree = "<group>";
		};
		DBECCC172922BE0500CCEA63 /* Event View */ = {
			isa = PBXGroup;
			children = (
				DBECCC182922BE2400CCEA63 /* View */,
			);
			path = "Event View";
			sourceTree = "<group>";
		};
		DBECCC182922BE2400CCEA63 /* View */ = {
			isa = PBXGroup;
			children = (
				DBECCC192922BE3C00CCEA63 /* ReusableEventView.swift */,
			);
			path = View;
			sourceTree = "<group>";
		};
		DBECCC1B2922BF0500CCEA63 /* Choose Event */ = {
			isa = PBXGroup;
			children = (
				DBECCC1D2922BF3000CCEA63 /* View Model */,
				DBECCC1C2922BF2A00CCEA63 /* View */,
			);
			path = "Choose Event";
			sourceTree = "<group>";
		};
		DBECCC1C2922BF2A00CCEA63 /* View */ = {
			isa = PBXGroup;
			children = (
				DBECCC212922BF8100CCEA63 /* ChooseEventVC.swift */,
				DBECCC2A2922C62F00CCEA63 /* ChooseEventVC + TableViewDelegate.swift */,
				DBECCC232922C1AB00CCEA63 /* Table View Cells */,
			);
			path = View;
			sourceTree = "<group>";
		};
		DBECCC1D2922BF3000CCEA63 /* View Model */ = {
			isa = PBXGroup;
			children = (
			);
			path = "View Model";
			sourceTree = "<group>";
		};
		DBECCC1E2922BF3F00CCEA63 /* Final Register Check */ = {
			isa = PBXGroup;
			children = (
				DBECCC202922BF6D00CCEA63 /* View Model */,
				DBECCC1F2922BF6800CCEA63 /* View */,
			);
			path = "Final Register Check";
			sourceTree = "<group>";
		};
		DBECCC1F2922BF6800CCEA63 /* View */ = {
			isa = PBXGroup;
			children = (
				DB70DF4B29247A090018E2FC /* FinalCheckVC.swift */,
				DB8B2C802924EC9600F94D14 /* FinalCheckVC + TableViewDelegate.swift */,
				DB70DF4D29247C530018E2FC /* Table View Cells */,
			);
			path = View;
			sourceTree = "<group>";
		};
		DBECCC202922BF6D00CCEA63 /* View Model */ = {
			isa = PBXGroup;
			children = (
			);
			path = "View Model";
			sourceTree = "<group>";
		};
		DBECCC232922C1AB00CCEA63 /* Table View Cells */ = {
			isa = PBXGroup;
			children = (
				DBECCC242922C1E900CCEA63 /* ChooseEventHeaderTableViewCell.swift */,
				DBECCC262922C31000CCEA63 /* EventTableViewCell.swift */,
			);
			path = "Table View Cells";
			sourceTree = "<group>";
		};
/* End PBXGroup section */

/* Begin PBXNativeTarget section */
		DB393C6E291F9985003ADAB9 /* GloriaApp */ = {
			isa = PBXNativeTarget;
			buildConfigurationList = DB393C83291F9986003ADAB9 /* Build configuration list for PBXNativeTarget "GloriaApp" */;
			buildPhases = (
				DB393C6B291F9985003ADAB9 /* Sources */,
				DB393C6C291F9985003ADAB9 /* Frameworks */,
				DB393C6D291F9985003ADAB9 /* Resources */,
			);
			buildRules = (
			);
			dependencies = (
			);
			name = GloriaApp;
			packageProductDependencies = (
				DB5EDE39291FA44200AE0386 /* SnapKit */,
				DB5EDE3C291FA45000AE0386 /* IQKeyboardManagerSwift */,
				DB965C922922A1EF00AE86BC /* SkeletonView */,
			);
			productName = GloriaApp;
			productReference = DB393C6F291F9985003ADAB9 /* GloriaApp.app */;
			productType = "com.apple.product-type.application";
		};
/* End PBXNativeTarget section */

/* Begin PBXProject section */
		DB393C67291F9985003ADAB9 /* Project object */ = {
			isa = PBXProject;
			attributes = {
				BuildIndependentTargetsInParallel = 1;
				LastSwiftUpdateCheck = 1410;
				LastUpgradeCheck = 1410;
				TargetAttributes = {
					DB393C6E291F9985003ADAB9 = {
						CreatedOnToolsVersion = 14.1;
					};
				};
			};
			buildConfigurationList = DB393C6A291F9985003ADAB9 /* Build configuration list for PBXProject "GloriaApp" */;
			compatibilityVersion = "Xcode 14.0";
			developmentRegion = en;
			hasScannedForEncodings = 0;
			knownRegions = (
				en,
				Base,
			);
			mainGroup = DB393C66291F9985003ADAB9;
			packageReferences = (
				DB5EDE38291FA44200AE0386 /* XCRemoteSwiftPackageReference "SnapKit" */,
				DB5EDE3B291FA45000AE0386 /* XCRemoteSwiftPackageReference "IQKeyboardManager" */,
				DB965C912922A1EF00AE86BC /* XCRemoteSwiftPackageReference "SkeletonView" */,
			);
			productRefGroup = DB393C70291F9985003ADAB9 /* Products */;
			projectDirPath = "";
			projectRoot = "";
			targets = (
				DB393C6E291F9985003ADAB9 /* GloriaApp */,
			);
		};
/* End PBXProject section */

/* Begin PBXResourcesBuildPhase section */
		DB393C6D291F9985003ADAB9 /* Resources */ = {
			isa = PBXResourcesBuildPhase;
			buildActionMask = 2147483647;
			files = (
				DB5EDE4E291FA4EE00AE0386 /* Poppins-SemiBold.ttf in Resources */,
				DB393C7F291F9986003ADAB9 /* LaunchScreen.storyboard in Resources */,
				DB5EDE50291FA4EE00AE0386 /* Poppins-Regular.ttf in Resources */,
				DB393C7C291F9986003ADAB9 /* Assets.xcassets in Resources */,
				DB5EDE4F291FA4EE00AE0386 /* Poppins-Medium.ttf in Resources */,
				DB393C7A291F9985003ADAB9 /* Main.storyboard in Resources */,
				DB5EDE4D291FA4EE00AE0386 /* Poppins-Bold.ttf in Resources */,
			);
			runOnlyForDeploymentPostprocessing = 0;
		};
/* End PBXResourcesBuildPhase section */

/* Begin PBXSourcesBuildPhase section */
		DB393C6B291F9985003ADAB9 /* Sources */ = {
			isa = PBXSourcesBuildPhase;
			buildActionMask = 2147483647;
			files = (
				DB8B2C7F2924EB6E00F94D14 /* ButtonTableViewCell.swift in Sources */,
				DB70DF4F29247CAA0018E2FC /* FinalCheckHeaderTableViewCell.swift in Sources */,
				DBECCC222922BF8100CCEA63 /* ChooseEventVC.swift in Sources */,
				DB393C77291F9985003ADAB9 /* OnboardingVC.swift in Sources */,
				DB2D2AB4292215270097B8D9 /* HomeButtonTableViewCell.swift in Sources */,
				DBECCC1A2922BE3C00CCEA63 /* ReusableEventView.swift in Sources */,
				DB95F3E5292133F200D4F561 /* HomeVC.swift in Sources */,
				DBECCC272922C31000CCEA63 /* EventTableViewCell.swift in Sources */,
				DB393C73291F9985003ADAB9 /* AppDelegate.swift in Sources */,
				DB5EDE52291FA53400AE0386 /* UIFontExtensions.swift in Sources */,
				DB8B2C7A2924E7DE00F94D14 /* HomeVCDelegate.swift in Sources */,
				DB8B2C812924EC9600F94D14 /* FinalCheckVC + TableViewDelegate.swift in Sources */,
				DB393C75291F9985003ADAB9 /* SceneDelegate.swift in Sources */,
				DB5EDE56291FA55900AE0386 /* GLabel.swift in Sources */,
				DB95F3F429214B2000D4F561 /* TicketView.swift in Sources */,
				DB95F3F829214D1600D4F561 /* ReusableHomePageButton.swift in Sources */,
				DB70DF5129247E710018E2FC /* ChosenEventTableViewCell.swift in Sources */,
				DB0917C0292219EF00B405B1 /* HomeVC + TableViewDelegate.swift in Sources */,
				DB95F3EC29213CCE00D4F561 /* VerseOfTheDayView.swift in Sources */,
				DB95F3F02921475500D4F561 /* EmptyTicketView.swift in Sources */,
				DB2D2AAE2921F8DB0097B8D9 /* VOTDTableViewCell.swift in Sources */,
				DB2D2AB2292211780097B8D9 /* EmptyTicketTableViewCell.swift in Sources */,
				DBECCC252922C1E900CCEA63 /* ChooseEventHeaderTableViewCell.swift in Sources */,
				DB70DF4C29247A090018E2FC /* FinalCheckVC.swift in Sources */,
				DB2D2AB02921FE210097B8D9 /* HomeBG.swift in Sources */,
				DB5EDE48291FA4D100AE0386 /* UIColorExtensions.swift in Sources */,
				DB95F3E7292137D300D4F561 /* UIViewExtensions.swift in Sources */,
				DB0917BE292219C300B405B1 /* HomeVC + ScrollViewDelegate.swift in Sources */,
				DBECCC2B2922C62F00CCEA63 /* ChooseEventVC + TableViewDelegate.swift in Sources */,
				DB8B2C7D2924E8D200F94D14 /* TicketTableViewCell.swift in Sources */,
				DB70DF53292481FD0018E2FC /* DataDiriPengunjungTableViewCell.swift in Sources */,
				DB5EDE54291FA54C00AE0386 /* GButton.swift in Sources */,
			);
			runOnlyForDeploymentPostprocessing = 0;
		};
/* End PBXSourcesBuildPhase section */

/* Begin PBXVariantGroup section */
		DB393C78291F9985003ADAB9 /* Main.storyboard */ = {
			isa = PBXVariantGroup;
			children = (
				DB393C79291F9985003ADAB9 /* Base */,
			);
			name = Main.storyboard;
			sourceTree = "<group>";
		};
		DB393C7D291F9986003ADAB9 /* LaunchScreen.storyboard */ = {
			isa = PBXVariantGroup;
			children = (
				DB393C7E291F9986003ADAB9 /* Base */,
			);
			name = LaunchScreen.storyboard;
			sourceTree = "<group>";
		};
/* End PBXVariantGroup section */

/* Begin XCBuildConfiguration section */
		DB393C81291F9986003ADAB9 /* Debug */ = {
			isa = XCBuildConfiguration;
			buildSettings = {
				ALWAYS_SEARCH_USER_PATHS = NO;
				CLANG_ANALYZER_NONNULL = YES;
				CLANG_ANALYZER_NUMBER_OBJECT_CONVERSION = YES_AGGRESSIVE;
				CLANG_CXX_LANGUAGE_STANDARD = "gnu++20";
				CLANG_ENABLE_MODULES = YES;
				CLANG_ENABLE_OBJC_ARC = YES;
				CLANG_ENABLE_OBJC_WEAK = YES;
				CLANG_WARN_BLOCK_CAPTURE_AUTORELEASING = YES;
				CLANG_WARN_BOOL_CONVERSION = YES;
				CLANG_WARN_COMMA = YES;
				CLANG_WARN_CONSTANT_CONVERSION = YES;
				CLANG_WARN_DEPRECATED_OBJC_IMPLEMENTATIONS = YES;
				CLANG_WARN_DIRECT_OBJC_ISA_USAGE = YES_ERROR;
				CLANG_WARN_DOCUMENTATION_COMMENTS = YES;
				CLANG_WARN_EMPTY_BODY = YES;
				CLANG_WARN_ENUM_CONVERSION = YES;
				CLANG_WARN_INFINITE_RECURSION = YES;
				CLANG_WARN_INT_CONVERSION = YES;
				CLANG_WARN_NON_LITERAL_NULL_CONVERSION = YES;
				CLANG_WARN_OBJC_IMPLICIT_RETAIN_SELF = YES;
				CLANG_WARN_OBJC_LITERAL_CONVERSION = YES;
				CLANG_WARN_OBJC_ROOT_CLASS = YES_ERROR;
				CLANG_WARN_QUOTED_INCLUDE_IN_FRAMEWORK_HEADER = YES;
				CLANG_WARN_RANGE_LOOP_ANALYSIS = YES;
				CLANG_WARN_STRICT_PROTOTYPES = YES;
				CLANG_WARN_SUSPICIOUS_MOVE = YES;
				CLANG_WARN_UNGUARDED_AVAILABILITY = YES_AGGRESSIVE;
				CLANG_WARN_UNREACHABLE_CODE = YES;
				CLANG_WARN__DUPLICATE_METHOD_MATCH = YES;
				COPY_PHASE_STRIP = NO;
				DEBUG_INFORMATION_FORMAT = dwarf;
				ENABLE_STRICT_OBJC_MSGSEND = YES;
				ENABLE_TESTABILITY = YES;
				GCC_C_LANGUAGE_STANDARD = gnu11;
				GCC_DYNAMIC_NO_PIC = NO;
				GCC_NO_COMMON_BLOCKS = YES;
				GCC_OPTIMIZATION_LEVEL = 0;
				GCC_PREPROCESSOR_DEFINITIONS = (
					"DEBUG=1",
					"$(inherited)",
				);
				GCC_WARN_64_TO_32_BIT_CONVERSION = YES;
				GCC_WARN_ABOUT_RETURN_TYPE = YES_ERROR;
				GCC_WARN_UNDECLARED_SELECTOR = YES;
				GCC_WARN_UNINITIALIZED_AUTOS = YES_AGGRESSIVE;
				GCC_WARN_UNUSED_FUNCTION = YES;
				GCC_WARN_UNUSED_VARIABLE = YES;
				IPHONEOS_DEPLOYMENT_TARGET = 16.1;
				MTL_ENABLE_DEBUG_INFO = INCLUDE_SOURCE;
				MTL_FAST_MATH = YES;
				ONLY_ACTIVE_ARCH = YES;
				SDKROOT = iphoneos;
				SWIFT_ACTIVE_COMPILATION_CONDITIONS = DEBUG;
				SWIFT_OPTIMIZATION_LEVEL = "-Onone";
			};
			name = Debug;
		};
		DB393C82291F9986003ADAB9 /* Release */ = {
			isa = XCBuildConfiguration;
			buildSettings = {
				ALWAYS_SEARCH_USER_PATHS = NO;
				CLANG_ANALYZER_NONNULL = YES;
				CLANG_ANALYZER_NUMBER_OBJECT_CONVERSION = YES_AGGRESSIVE;
				CLANG_CXX_LANGUAGE_STANDARD = "gnu++20";
				CLANG_ENABLE_MODULES = YES;
				CLANG_ENABLE_OBJC_ARC = YES;
				CLANG_ENABLE_OBJC_WEAK = YES;
				CLANG_WARN_BLOCK_CAPTURE_AUTORELEASING = YES;
				CLANG_WARN_BOOL_CONVERSION = YES;
				CLANG_WARN_COMMA = YES;
				CLANG_WARN_CONSTANT_CONVERSION = YES;
				CLANG_WARN_DEPRECATED_OBJC_IMPLEMENTATIONS = YES;
				CLANG_WARN_DIRECT_OBJC_ISA_USAGE = YES_ERROR;
				CLANG_WARN_DOCUMENTATION_COMMENTS = YES;
				CLANG_WARN_EMPTY_BODY = YES;
				CLANG_WARN_ENUM_CONVERSION = YES;
				CLANG_WARN_INFINITE_RECURSION = YES;
				CLANG_WARN_INT_CONVERSION = YES;
				CLANG_WARN_NON_LITERAL_NULL_CONVERSION = YES;
				CLANG_WARN_OBJC_IMPLICIT_RETAIN_SELF = YES;
				CLANG_WARN_OBJC_LITERAL_CONVERSION = YES;
				CLANG_WARN_OBJC_ROOT_CLASS = YES_ERROR;
				CLANG_WARN_QUOTED_INCLUDE_IN_FRAMEWORK_HEADER = YES;
				CLANG_WARN_RANGE_LOOP_ANALYSIS = YES;
				CLANG_WARN_STRICT_PROTOTYPES = YES;
				CLANG_WARN_SUSPICIOUS_MOVE = YES;
				CLANG_WARN_UNGUARDED_AVAILABILITY = YES_AGGRESSIVE;
				CLANG_WARN_UNREACHABLE_CODE = YES;
				CLANG_WARN__DUPLICATE_METHOD_MATCH = YES;
				COPY_PHASE_STRIP = NO;
				DEBUG_INFORMATION_FORMAT = "dwarf-with-dsym";
				ENABLE_NS_ASSERTIONS = NO;
				ENABLE_STRICT_OBJC_MSGSEND = YES;
				GCC_C_LANGUAGE_STANDARD = gnu11;
				GCC_NO_COMMON_BLOCKS = YES;
				GCC_WARN_64_TO_32_BIT_CONVERSION = YES;
				GCC_WARN_ABOUT_RETURN_TYPE = YES_ERROR;
				GCC_WARN_UNDECLARED_SELECTOR = YES;
				GCC_WARN_UNINITIALIZED_AUTOS = YES_AGGRESSIVE;
				GCC_WARN_UNUSED_FUNCTION = YES;
				GCC_WARN_UNUSED_VARIABLE = YES;
				IPHONEOS_DEPLOYMENT_TARGET = 16.1;
				MTL_ENABLE_DEBUG_INFO = NO;
				MTL_FAST_MATH = YES;
				SDKROOT = iphoneos;
				SWIFT_COMPILATION_MODE = wholemodule;
				SWIFT_OPTIMIZATION_LEVEL = "-O";
				VALIDATE_PRODUCT = YES;
			};
			name = Release;
		};
		DB393C84291F9986003ADAB9 /* Debug */ = {
			isa = XCBuildConfiguration;
			buildSettings = {
				ASSETCATALOG_COMPILER_APPICON_NAME = AppIcon;
				ASSETCATALOG_COMPILER_GLOBAL_ACCENT_COLOR_NAME = AccentColor;
				CODE_SIGN_STYLE = Automatic;
				CURRENT_PROJECT_VERSION = 1;
				DEVELOPMENT_TEAM = L7SMRXB5WV;
				GENERATE_INFOPLIST_FILE = YES;
				INFOPLIST_FILE = GloriaApp/Info.plist;
				INFOPLIST_KEY_CFBundleDisplayName = Gloria;
				INFOPLIST_KEY_UIApplicationSupportsIndirectInputEvents = YES;
				INFOPLIST_KEY_UILaunchStoryboardName = LaunchScreen;
				INFOPLIST_KEY_UIMainStoryboardFile = Main;
				INFOPLIST_KEY_UISupportedInterfaceOrientations = UIInterfaceOrientationPortrait;
				INFOPLIST_KEY_UISupportedInterfaceOrientations_iPad = "UIInterfaceOrientationLandscapeLeft UIInterfaceOrientationLandscapeRight UIInterfaceOrientationPortrait UIInterfaceOrientationPortraitUpsideDown";
				IPHONEOS_DEPLOYMENT_TARGET = 14.0;
				LD_RUNPATH_SEARCH_PATHS = (
					"$(inherited)",
					"@executable_path/Frameworks",
				);
				MARKETING_VERSION = 1.0;
				PRODUCT_BUNDLE_IDENTIFIER = com.Esgeee.GloriaApp;
				PRODUCT_NAME = "$(TARGET_NAME)";
				SUPPORTED_PLATFORMS = "iphoneos iphonesimulator";
				SUPPORTS_MACCATALYST = NO;
				SUPPORTS_MAC_DESIGNED_FOR_IPHONE_IPAD = NO;
				SWIFT_EMIT_LOC_STRINGS = YES;
				SWIFT_VERSION = 5.0;
				TARGETED_DEVICE_FAMILY = 1;
			};
			name = Debug;
		};
		DB393C85291F9986003ADAB9 /* Release */ = {
			isa = XCBuildConfiguration;
			buildSettings = {
				ASSETCATALOG_COMPILER_APPICON_NAME = AppIcon;
				ASSETCATALOG_COMPILER_GLOBAL_ACCENT_COLOR_NAME = AccentColor;
				CODE_SIGN_STYLE = Automatic;
				CURRENT_PROJECT_VERSION = 1;
				DEVELOPMENT_TEAM = L7SMRXB5WV;
				GENERATE_INFOPLIST_FILE = YES;
				INFOPLIST_FILE = GloriaApp/Info.plist;
				INFOPLIST_KEY_CFBundleDisplayName = Gloria;
				INFOPLIST_KEY_UIApplicationSupportsIndirectInputEvents = YES;
				INFOPLIST_KEY_UILaunchStoryboardName = LaunchScreen;
				INFOPLIST_KEY_UIMainStoryboardFile = Main;
				INFOPLIST_KEY_UISupportedInterfaceOrientations = UIInterfaceOrientationPortrait;
				INFOPLIST_KEY_UISupportedInterfaceOrientations_iPad = "UIInterfaceOrientationLandscapeLeft UIInterfaceOrientationLandscapeRight UIInterfaceOrientationPortrait UIInterfaceOrientationPortraitUpsideDown";
				IPHONEOS_DEPLOYMENT_TARGET = 14.0;
				LD_RUNPATH_SEARCH_PATHS = (
					"$(inherited)",
					"@executable_path/Frameworks",
				);
				MARKETING_VERSION = 1.0;
				PRODUCT_BUNDLE_IDENTIFIER = com.Esgeee.GloriaApp;
				PRODUCT_NAME = "$(TARGET_NAME)";
				SUPPORTED_PLATFORMS = "iphoneos iphonesimulator";
				SUPPORTS_MACCATALYST = NO;
				SUPPORTS_MAC_DESIGNED_FOR_IPHONE_IPAD = NO;
				SWIFT_EMIT_LOC_STRINGS = YES;
				SWIFT_VERSION = 5.0;
				TARGETED_DEVICE_FAMILY = 1;
			};
			name = Release;
		};
/* End XCBuildConfiguration section */

/* Begin XCConfigurationList section */
		DB393C6A291F9985003ADAB9 /* Build configuration list for PBXProject "GloriaApp" */ = {
			isa = XCConfigurationList;
			buildConfigurations = (
				DB393C81291F9986003ADAB9 /* Debug */,
				DB393C82291F9986003ADAB9 /* Release */,
			);
			defaultConfigurationIsVisible = 0;
			defaultConfigurationName = Release;
		};
		DB393C83291F9986003ADAB9 /* Build configuration list for PBXNativeTarget "GloriaApp" */ = {
			isa = XCConfigurationList;
			buildConfigurations = (
				DB393C84291F9986003ADAB9 /* Debug */,
				DB393C85291F9986003ADAB9 /* Release */,
			);
			defaultConfigurationIsVisible = 0;
			defaultConfigurationName = Release;
		};
/* End XCConfigurationList section */

/* Begin XCRemoteSwiftPackageReference section */
		DB5EDE38291FA44200AE0386 /* XCRemoteSwiftPackageReference "SnapKit" */ = {
			isa = XCRemoteSwiftPackageReference;
			repositoryURL = "https://github.com/SnapKit/SnapKit";
			requirement = {
				kind = upToNextMajorVersion;
				minimumVersion = 5.0.0;
			};
		};
		DB5EDE3B291FA45000AE0386 /* XCRemoteSwiftPackageReference "IQKeyboardManager" */ = {
			isa = XCRemoteSwiftPackageReference;
			repositoryURL = "https://github.com/hackiftekhar/IQKeyboardManager";
			requirement = {
				branch = master;
				kind = branch;
			};
		};
		DB965C912922A1EF00AE86BC /* XCRemoteSwiftPackageReference "SkeletonView" */ = {
			isa = XCRemoteSwiftPackageReference;
			repositoryURL = "https://github.com/Juanpe/SkeletonView";
			requirement = {
				kind = upToNextMajorVersion;
				minimumVersion = 1.0.0;
			};
		};
/* End XCRemoteSwiftPackageReference section */

/* Begin XCSwiftPackageProductDependency section */
		DB5EDE39291FA44200AE0386 /* SnapKit */ = {
			isa = XCSwiftPackageProductDependency;
			package = DB5EDE38291FA44200AE0386 /* XCRemoteSwiftPackageReference "SnapKit" */;
			productName = SnapKit;
		};
		DB5EDE3C291FA45000AE0386 /* IQKeyboardManagerSwift */ = {
			isa = XCSwiftPackageProductDependency;
			package = DB5EDE3B291FA45000AE0386 /* XCRemoteSwiftPackageReference "IQKeyboardManager" */;
			productName = IQKeyboardManagerSwift;
		};
		DB965C922922A1EF00AE86BC /* SkeletonView */ = {
			isa = XCSwiftPackageProductDependency;
			package = DB965C912922A1EF00AE86BC /* XCRemoteSwiftPackageReference "SkeletonView" */;
			productName = SkeletonView;
		};
/* End XCSwiftPackageProductDependency section */
	};
	rootObject = DB393C67291F9985003ADAB9 /* Project object */;
}
